
Microsoft Visual Studio Solution File, Format Version 12.00
# Visual Studio Version 17
VisualStudioVersion = 17.2.32519.379
MinimumVisualStudioVersion = 10.0.40219.1
Project("{FAE04EC0-301F-11D3-BF4B-00C04F79EFBC}") = "OCR", "OCR.csproj", "{6EAE2C5F-A634-408A-BCF5-5A293E9BEF1A}"
EndProject
Global
	GlobalSection(SolutionConfigurationPlatforms) = preSolution
		Debug|Any CPU = Debug|Any CPU
		Release|Any CPU = Release|Any CPU
	EndGlobalSection
	GlobalSection(ProjectConfigurationPlatforms) = postSolution
		{6EAE2C5F-A634-408A-BCF5-5A293E9BEF1A}.Debug|Any CPU.ActiveCfg = Debug|Any CPU
		{6EAE2C5F-A634-408A-BCF5-5A293E9BEF1A}.Debug|Any CPU.Build.0 = Debug|Any CPU
		{6EAE2C5F-A634-408A-BCF5-5A293E9BEF1A}.Release|Any CPU.ActiveCfg = Release|Any CPU
		{6EAE2C5F-A634-408A-BCF5-5A293E9BEF1A}.Release|Any CPU.Build.0 = Release|Any CPU
	EndGlobalSection
	GlobalSection(SolutionProperties) = preSolution
		HideSolutionNode = FALSE
	EndGlobalSection
	GlobalSection(ExtensibilityGlobals) = postSolution
		SolutionGuid = {31F388B7-2FC2-4916-BBC5-204CBE1C439D}
	EndGlobalSection
EndGlobal
